
Microsoft Visual Studio Solution File, Format Version 12.00
# Visual Studio Version 16
VisualStudioVersion = 25.0.1706.9
MinimumVisualStudioVersion = 10.0.40219.1
Project("{FAE04EC0-301F-11D3-BF4B-00C04F79EFBC}") = "QuieroSerBiomonitor", "QuieroSerBiomonitor\QuieroSerBiomonitor.csproj", "{21F31B65-CA64-4482-A3B6-23558996649C}"
EndProject
Global
	GlobalSection(SolutionConfigurationPlatforms) = preSolution
		Debug|Any CPU = Debug|Any CPU
		Release|Any CPU = Release|Any CPU
	EndGlobalSection
	GlobalSection(ProjectConfigurationPlatforms) = postSolution
		{21F31B65-CA64-4482-A3B6-23558996649C}.Debug|Any CPU.ActiveCfg = Debug|Any CPU
		{21F31B65-CA64-4482-A3B6-23558996649C}.Debug|Any CPU.Build.0 = Debug|Any CPU
		{21F31B65-CA64-4482-A3B6-23558996649C}.Release|Any CPU.ActiveCfg = Release|Any CPU
		{21F31B65-CA64-4482-A3B6-23558996649C}.Release|Any CPU.Build.0 = Release|Any CPU
	EndGlobalSection
	GlobalSection(SolutionProperties) = preSolution
		HideSolutionNode = FALSE
	EndGlobalSection
	GlobalSection(ExtensibilityGlobals) = postSolution
		SolutionGuid = {D1F1594D-105D-455F-9A18-E181919EEFB5}
	EndGlobalSection
EndGlobal
